
Microsoft Visual Studio Solution File, Format Version 12.00
# Visual Studio Version 16
VisualStudioVersion = 16.0.29009.5
MinimumVisualStudioVersion = 10.0.40219.1
Project("{8BC9CEB8-8B4A-11D0-8D11-00A0C91BC942}") = "Books", "Books.vcxproj", "{AB1463D3-62B8-4FF1-8095-EC9B0F27BFE5}"
EndProject
Global
	GlobalSection(SolutionConfigurationPlatforms) = preSolution
		Debug|x64 = Debug|x64
		Debug|x86 = Debug|x86
		Release|x64 = Release|x64
		Release|x86 = Release|x86
	EndGlobalSection
	GlobalSection(ProjectConfigurationPlatforms) = postSolution
		{AB1463D3-62B8-4FF1-8095-EC9B0F27BFE5}.Debug|x64.ActiveCfg = Debug|x64
		{AB1463D3-62B8-4FF1-8095-EC9B0F27BFE5}.Debug|x64.Build.0 = Debug|x64
		{AB1463D3-62B8-4FF1-8095-EC9B0F27BFE5}.Debug|x86.ActiveCfg = Debug|Win32
		{AB1463D3-62B8-4FF1-8095-EC9B0F27BFE5}.Debug|x86.Build.0 = Debug|Win32
		{AB1463D3-62B8-4FF1-8095-EC9B0F27BFE5}.Release|x64.ActiveCfg = Release|x64
		{AB1463D3-62B8-4FF1-8095-EC9B0F27BFE5}.Release|x64.Build.0 = Release|x64
		{AB1463D3-62B8-4FF1-8095-EC9B0F27BFE5}.Release|x86.ActiveCfg = Release|Win32
		{AB1463D3-62B8-4FF1-8095-EC9B0F27BFE5}.Release|x86.Build.0 = Release|Win32
	EndGlobalSection
	GlobalSection(SolutionProperties) = preSolution
		HideSolutionNode = FALSE
	EndGlobalSection
	GlobalSection(ExtensibilityGlobals) = postSolution
		SolutionGuid = {0EC12BE9-5C71-4DD5-B6AE-34194342614F}
	EndGlobalSection
EndGlobal
